
Microsoft Visual Studio Solution File, Format Version 12.00
# Visual Studio Version 17
VisualStudioVersion = 17.6.33829.357
MinimumVisualStudioVersion = 10.0.40219.1
Project("{FAE04EC0-301F-11D3-BF4B-00C04F79EFBC}") = "chat_server_cs", "chat_server_cs\chat_server_cs.csproj", "{176CBFA7-A374-4D19-BD55-B326536DF03C}"
EndProject
Global
	GlobalSection(SolutionConfigurationPlatforms) = preSolution
		Debug|Any CPU = Debug|Any CPU
		Release|Any CPU = Release|Any CPU
	EndGlobalSection
	GlobalSection(ProjectConfigurationPlatforms) = postSolution
		{176CBFA7-A374-4D19-BD55-B326536DF03C}.Debug|Any CPU.ActiveCfg = Debug|Any CPU
		{176CBFA7-A374-4D19-BD55-B326536DF03C}.Debug|Any CPU.Build.0 = Debug|Any CPU
		{176CBFA7-A374-4D19-BD55-B326536DF03C}.Release|Any CPU.ActiveCfg = Release|Any CPU
		{176CBFA7-A374-4D19-BD55-B326536DF03C}.Release|Any CPU.Build.0 = Release|Any CPU
	EndGlobalSection
	GlobalSection(SolutionProperties) = preSolution
		HideSolutionNode = FALSE
	EndGlobalSection
	GlobalSection(ExtensibilityGlobals) = postSolution
		SolutionGuid = {69E1BF5F-F302-4C39-BA52-7AA4AAB20519}
	EndGlobalSection
EndGlobal
